
Microsoft Visual Studio Solution File, Format Version 12.00
# Visual Studio Version 16
VisualStudioVersion = 16.0.32602.291
MinimumVisualStudioVersion = 15.0.26124.0
Project("{FAE04EC0-301F-11D3-BF4B-00C04F79EFBC}") = "PublicApi", "PublicApi\PublicApi.csproj", "{F6C6FCAB-7CBE-411F-A86B-CB6E4FEA7BD5}"
EndProject
Project("{FAE04EC0-301F-11D3-BF4B-00C04F79EFBC}") = "StocksApi", "StocksApi\StocksApi.csproj", "{2A3986F3-2364-46AB-8755-0AAA9E558FD9}"
EndProject
Project("{FAE04EC0-301F-11D3-BF4B-00C04F79EFBC}") = "StocksApiClient", "StocksApiClient\StocksApiClient.csproj", "{D65E8B5D-424A-454C-B2A3-6C2ECF8D0F77}"
EndProject
Global
	GlobalSection(SolutionConfigurationPlatforms) = preSolution
		Debug|Any CPU = Debug|Any CPU
		Release|Any CPU = Release|Any CPU
	EndGlobalSection
	GlobalSection(ProjectConfigurationPlatforms) = postSolution
		{F6C6FCAB-7CBE-411F-A86B-CB6E4FEA7BD5}.Debug|Any CPU.ActiveCfg = Debug|Any CPU
		{F6C6FCAB-7CBE-411F-A86B-CB6E4FEA7BD5}.Debug|Any CPU.Build.0 = Debug|Any CPU
		{F6C6FCAB-7CBE-411F-A86B-CB6E4FEA7BD5}.Release|Any CPU.ActiveCfg = Release|Any CPU
		{F6C6FCAB-7CBE-411F-A86B-CB6E4FEA7BD5}.Release|Any CPU.Build.0 = Release|Any CPU
		{2A3986F3-2364-46AB-8755-0AAA9E558FD9}.Debug|Any CPU.ActiveCfg = Debug|Any CPU
		{2A3986F3-2364-46AB-8755-0AAA9E558FD9}.Debug|Any CPU.Build.0 = Debug|Any CPU
		{2A3986F3-2364-46AB-8755-0AAA9E558FD9}.Release|Any CPU.ActiveCfg = Release|Any CPU
		{2A3986F3-2364-46AB-8755-0AAA9E558FD9}.Release|Any CPU.Build.0 = Release|Any CPU
		{D65E8B5D-424A-454C-B2A3-6C2ECF8D0F77}.Debug|Any CPU.ActiveCfg = Debug|Any CPU
		{D65E8B5D-424A-454C-B2A3-6C2ECF8D0F77}.Debug|Any CPU.Build.0 = Debug|Any CPU
		{D65E8B5D-424A-454C-B2A3-6C2ECF8D0F77}.Release|Any CPU.ActiveCfg = Release|Any CPU
		{D65E8B5D-424A-454C-B2A3-6C2ECF8D0F77}.Release|Any CPU.Build.0 = Release|Any CPU
	EndGlobalSection
	GlobalSection(SolutionProperties) = preSolution
		HideSolutionNode = FALSE
	EndGlobalSection
	GlobalSection(ExtensibilityGlobals) = postSolution
		SolutionGuid = {21378B23-8011-4E6C-BCB2-8619C83DB597}
	EndGlobalSection
EndGlobal
